PODS:
  - R.swift (3.2.0):
    - R.swift.Library (~> 3.0.2)
  - R.swift.Library (3.0.2)
  - ReSwift (3.0.0)

DEPENDENCIES:
  - R.swift
  - ReSwift

SPEC CHECKSUMS:
  R.swift: 207a372a2b5977caef440c696a368009460641d1
  R.swift.Library: fbdec16c9802ad104fc1ba53415dc190e6ec5c73
  ReSwift: f0255f4b4f2dacd12c5d97d34d13fc5dad6d6371

PODFILE CHECKSUM: b5afb4151b4538d0c4f4d1a4c1fea2171af92d3d

COCOAPODS: 1.2.0.beta.1
