PODS:
  - ReSwift (3.0.0)
  - ReSwiftRouter (0.5.1):
    - ReSwift (~> 3.0.0)

DEPENDENCIES:
  - ReSwift
  - ReSwiftRouter

SPEC CHECKSUMS:
  ReSwift: f0255f4b4f2dacd12c5d97d34d13fc5dad6d6371
  ReSwiftRouter: c620138bf94b57c068f789d51c0bd23efc42bf68

PODFILE CHECKSUM: 1ebbd38bc5270161f49292309d4916cc684ffb89

COCOAPODS: 1.1.1
