// !$*UTF8*$!
{
	archiveVersion = 1;
	classes = {
	};
	objectVersion = 46;
	objects = {

/* Begin PBXBuildFile section */
		450EBE501E01630E00BC0AD5 /* AppDelegate.swift in Sources */ = {isa = PBXBuildFile; fileRef = 450EBE4F1E01630E00BC0AD5 /* AppDelegate.swift */; };
		450EBE521E01630E00BC0AD5 /* CustomersTableViewController.swift in Sources */ = {isa = PBXBuildFile; fileRef = 450EBE511E01630E00BC0AD5 /* CustomersTableViewController.swift */; };
		450EBE551E01630E00BC0AD5 /* Main.storyboard in Resources */ = {isa = PBXBuildFile; fileRef = 450EBE531E01630E00BC0AD5 /* Main.storyboard */; };
		450EBE571E01630E00BC0AD5 /* Assets.xcassets in Resources */ = {isa = PBXBuildFile; fileRef = 450EBE561E01630E00BC0AD5 /* Assets.xcassets */; };
		450EBE5A1E01630E00BC0AD5 /* LaunchScreen.storyboard in Resources */ = {isa = PBXBuildFile; fileRef = 450EBE581E01630E00BC0AD5 /* LaunchScreen.storyboard */; };
		450EBE621E0163A100BC0AD5 /* Company.swift in Sources */ = {isa = PBXBuildFile; fileRef = 450EBE611E0163A100BC0AD5 /* Company.swift */; };
		450EBE641E01653F00BC0AD5 /* AppState.swift in Sources */ = {isa = PBXBuildFile; fileRef = 450EBE631E01653F00BC0AD5 /* AppState.swift */; };
		450EBE681E016C1000BC0AD5 /* Actions.swift in Sources */ = {isa = PBXBuildFile; fileRef = 450EBE671E016C1000BC0AD5 /* Actions.swift */; };
		450EBE6A1E016CE700BC0AD5 /* AppReducer.swift in Sources */ = {isa = PBXBuildFile; fileRef = 450EBE691E016CE700BC0AD5 /* AppReducer.swift */; };
		450EBE6C1E016FF800BC0AD5 /* Api.swift in Sources */ = {isa = PBXBuildFile; fileRef = 450EBE6B1E016FF800BC0AD5 /* Api.swift */; };
		45468C381E1D152800FB67D4 /* PopoverViewController.swift in Sources */ = {isa = PBXBuildFile; fileRef = 45468C371E1D152800FB67D4 /* PopoverViewController.swift */; };
		45468C3A1E1D302B00FB67D4 /* TestApi.swift in Sources */ = {isa = PBXBuildFile; fileRef = 45468C391E1D302B00FB67D4 /* TestApi.swift */; };
		4565FF911E1A6D7800991E14 /* CustomerReducer.swift in Sources */ = {isa = PBXBuildFile; fileRef = 4565FF901E1A6D7800991E14 /* CustomerReducer.swift */; };
		4565FF931E1A6D9B00991E14 /* CompanyReducer.swift in Sources */ = {isa = PBXBuildFile; fileRef = 4565FF921E1A6D9B00991E14 /* CompanyReducer.swift */; };
		4565FF961E1A6DC700991E14 /* Customer.swift in Sources */ = {isa = PBXBuildFile; fileRef = 4565FF951E1A6DC700991E14 /* Customer.swift */; };
		4565FF981E1A6DD700991E14 /* BankInformation.swift in Sources */ = {isa = PBXBuildFile; fileRef = 4565FF971E1A6DD700991E14 /* BankInformation.swift */; };
		4565FF9A1E1A6E0300991E14 /* CustomerState.swift in Sources */ = {isa = PBXBuildFile; fileRef = 4565FF991E1A6E0300991E14 /* CustomerState.swift */; };
		4565FFAC1E1A7E0500991E14 /* app.clr in Resources */ = {isa = PBXBuildFile; fileRef = 4565FFAB1E1A7E0500991E14 /* app.clr */; };
		4565FFAF1E1A930900991E14 /* Customers.storyboard in Resources */ = {isa = PBXBuildFile; fileRef = 4565FFAD1E1A930900991E14 /* Customers.storyboard */; };
		4565FFB11E1A9C7A00991E14 /* CustomerTableViewCell.swift in Sources */ = {isa = PBXBuildFile; fileRef = 4565FFB01E1A9C7A00991E14 /* CustomerTableViewCell.swift */; };
		45D8675B1E0C05090033C2E3 /* R.generated.swift in Sources */ = {isa = PBXBuildFile; fileRef = 45D8675A1E0C05090033C2E3 /* R.generated.swift */; };
		45D8675D1E0C0AEB0033C2E3 /* NewCustomerViewController.swift in Sources */ = {isa = PBXBuildFile; fileRef = 45D8675C1E0C0AEB0033C2E3 /* NewCustomerViewController.swift */; };
		45F81B7C1E0837AA004A4127 /* ReSwiftTestTests.swift in Sources */ = {isa = PBXBuildFile; fileRef = 45F81B7B1E0837AA004A4127 /* ReSwiftTestTests.swift */; };
		45F81B8A1E098A24004A4127 /* ReSwiftTestUITests.swift in Sources */ = {isa = PBXBuildFile; fileRef = 45F81B891E098A24004A4127 /* ReSwiftTestUITests.swift */; };
		831854760EDE501A52570C65 /* Pods_ReSwiftTest.framework in Frameworks */ = {isa = PBXBuildFile; fileRef = 09ED10EBAB86E9642BE8E460 /* Pods_ReSwiftTest.framework */; };
		DE6D906C2CB8DD5B0B39A91E /* Pods_ReSwiftTestUITests.framework in Frameworks */ = {isa = PBXBuildFile; fileRef = DAB8AB92E66F8DAB876F912C /* Pods_ReSwiftTestUITests.framework */; };
/* End PBXBuildFile section */

/* Begin PBXContainerItemProxy section */
		45F81B7E1E0837AA004A4127 /* PBXContainerItemProxy */ = {
			isa = PBXContainerItemProxy;
			containerPortal = 450EBE441E01630E00BC0AD5 /* Project object */;
			proxyType = 1;
			remoteGlobalIDString = 450EBE4B1E01630E00BC0AD5;
			remoteInfo = ReSwiftTest;
		};
		45F81B8C1E098A24004A4127 /* PBXContainerItemProxy */ = {
			isa = PBXContainerItemProxy;
			containerPortal = 450EBE441E01630E00BC0AD5 /* Project object */;
			proxyType = 1;
			remoteGlobalIDString = 450EBE4B1E01630E00BC0AD5;
			remoteInfo = ReSwiftTest;
		};
/* End PBXContainerItemProxy section */

/* Begin PBXFileReference section */
		09ED10EBAB86E9642BE8E460 /* Pods_ReSwiftTest.framework */ = {isa = PBXFileReference; explicitFileType = wrapper.framework; includeInIndex = 0; path = Pods_ReSwiftTest.framework; sourceTree = BUILT_PRODUCTS_DIR; };
		25B17C2E78F72217FD83A1F8 /* Pods-ReSwiftTest.debug.xcconfig */ = {isa = PBXFileReference; includeInIndex = 1; lastKnownFileType = text.xcconfig; name = "Pods-ReSwiftTest.debug.xcconfig"; path = "Pods/Target Support Files/Pods-ReSwiftTest/Pods-ReSwiftTest.debug.xcconfig"; sourceTree = "<group>"; };
		450EBE4C1E01630E00BC0AD5 /* ReSwiftTest.app */ = {isa = PBXFileReference; explicitFileType = wrapper.application; includeInIndex = 0; path = ReSwiftTest.app; sourceTree = BUILT_PRODUCTS_DIR; };
		450EBE4F1E01630E00BC0AD5 /* AppDelegate.swift */ = {isa = PBXFileReference; lastKnownFileType = sourcecode.swift; path = AppDelegate.swift; sourceTree = "<group>"; };
		450EBE511E01630E00BC0AD5 /* CustomersTableViewController.swift */ = {isa = PBXFileReference; lastKnownFileType = sourcecode.swift; path = CustomersTableViewController.swift; sourceTree = "<group>"; };
		450EBE541E01630E00BC0AD5 /* Base */ = {isa = PBXFileReference; lastKnownFileType = file.storyboard; name = Base; path = Base.lproj/Main.storyboard; sourceTree = "<group>"; };
		450EBE561E01630E00BC0AD5 /* Assets.xcassets */ = {isa = PBXFileReference; lastKnownFileType = folder.assetcatalog; path = Assets.xcassets; sourceTree = "<group>"; };
		450EBE591E01630E00BC0AD5 /* Base */ = {isa = PBXFileReference; lastKnownFileType = file.storyboard; name = Base; path = Base.lproj/LaunchScreen.storyboard; sourceTree = "<group>"; };
		450EBE5B1E01630E00BC0AD5 /* Info.plist */ = {isa = PBXFileReference; lastKnownFileType = text.plist.xml; path = Info.plist; sourceTree = "<group>"; };
		450EBE611E0163A100BC0AD5 /* Company.swift */ = {isa = PBXFileReference; fileEncoding = 4; lastKnownFileType = sourcecode.swift; path = Company.swift; sourceTree = "<group>"; };
		450EBE631E01653F00BC0AD5 /* AppState.swift */ = {isa = PBXFileReference; fileEncoding = 4; lastKnownFileType = sourcecode.swift; path = AppState.swift; sourceTree = "<group>"; };
		450EBE671E016C1000BC0AD5 /* Actions.swift */ = {isa = PBXFileReference; fileEncoding = 4; lastKnownFileType = sourcecode.swift; path = Actions.swift; sourceTree = "<group>"; };
		450EBE691E016CE700BC0AD5 /* AppReducer.swift */ = {isa = PBXFileReference; fileEncoding = 4; lastKnownFileType = sourcecode.swift; path = AppReducer.swift; sourceTree = "<group>"; };
		450EBE6B1E016FF800BC0AD5 /* Api.swift */ = {isa = PBXFileReference; fileEncoding = 4; lastKnownFileType = sourcecode.swift; path = Api.swift; sourceTree = "<group>"; };
		45468C371E1D152800FB67D4 /* PopoverViewController.swift */ = {isa = PBXFileReference; fileEncoding = 4; lastKnownFileType = sourcecode.swift; path = PopoverViewController.swift; sourceTree = "<group>"; };
		45468C391E1D302B00FB67D4 /* TestApi.swift */ = {isa = PBXFileReference; fileEncoding = 4; lastKnownFileType = sourcecode.swift; path = TestApi.swift; sourceTree = "<group>"; };
		4565FF901E1A6D7800991E14 /* CustomerReducer.swift */ = {isa = PBXFileReference; fileEncoding = 4; lastKnownFileType = sourcecode.swift; path = CustomerReducer.swift; sourceTree = "<group>"; };
		4565FF921E1A6D9B00991E14 /* CompanyReducer.swift */ = {isa = PBXFileReference; fileEncoding = 4; lastKnownFileType = sourcecode.swift; path = CompanyReducer.swift; sourceTree = "<group>"; };
		4565FF951E1A6DC700991E14 /* Customer.swift */ = {isa = PBXFileReference; fileEncoding = 4; lastKnownFileType = sourcecode.swift; path = Customer.swift; sourceTree = "<group>"; };
		4565FF971E1A6DD700991E14 /* BankInformation.swift */ = {isa = PBXFileReference; fileEncoding = 4; lastKnownFileType = sourcecode.swift; path = BankInformation.swift; sourceTree = "<group>"; };
		4565FF991E1A6E0300991E14 /* CustomerState.swift */ = {isa = PBXFileReference; fileEncoding = 4; lastKnownFileType = sourcecode.swift; path = CustomerState.swift; sourceTree = "<group>"; };
		4565FFAB1E1A7E0500991E14 /* app.clr */ = {isa = PBXFileReference; lastKnownFileType = file.bplist; path = app.clr; sourceTree = "<group>"; };
		4565FFAE1E1A930900991E14 /* Base */ = {isa = PBXFileReference; lastKnownFileType = file.storyboard; name = Base; path = Base.lproj/Customers.storyboard; sourceTree = "<group>"; };
		4565FFB01E1A9C7A00991E14 /* CustomerTableViewCell.swift */ = {isa = PBXFileReference; fileEncoding = 4; lastKnownFileType = sourcecode.swift; name = CustomerTableViewCell.swift; path = Views/CustomerTableViewCell.swift; sourceTree = "<group>"; };
		45D8675A1E0C05090033C2E3 /* R.generated.swift */ = {isa = PBXFileReference; fileEncoding = 4; lastKnownFileType = sourcecode.swift; path = R.generated.swift; sourceTree = "<group>"; };
		45D8675C1E0C0AEB0033C2E3 /* NewCustomerViewController.swift */ = {isa = PBXFileReference; fileEncoding = 4; lastKnownFileType = sourcecode.swift; path = NewCustomerViewController.swift; sourceTree = "<group>"; };
		45F81B791E0837AA004A4127 /* ReSwiftTestTests.xctest */ = {isa = PBXFileReference; explicitFileType = wrapper.cfbundle; includeInIndex = 0; path = ReSwiftTestTests.xctest; sourceTree = BUILT_PRODUCTS_DIR; };
		45F81B7B1E0837AA004A4127 /* ReSwiftTestTests.swift */ = {isa = PBXFileReference; lastKnownFileType = sourcecode.swift; path = ReSwiftTestTests.swift; sourceTree = "<group>"; };
		45F81B7D1E0837AA004A4127 /* Info.plist */ = {isa = PBXFileReference; lastKnownFileType = text.plist.xml; path = Info.plist; sourceTree = "<group>"; };
		45F81B871E098A24004A4127 /* ReSwiftTestUITests.xctest */ = {isa = PBXFileReference; explicitFileType = wrapper.cfbundle; includeInIndex = 0; path = ReSwiftTestUITests.xctest; sourceTree = BUILT_PRODUCTS_DIR; };
		45F81B891E098A24004A4127 /* ReSwiftTestUITests.swift */ = {isa = PBXFileReference; lastKnownFileType = sourcecode.swift; path = ReSwiftTestUITests.swift; sourceTree = "<group>"; };
		45F81B8B1E098A24004A4127 /* Info.plist */ = {isa = PBXFileReference; lastKnownFileType = text.plist.xml; path = Info.plist; sourceTree = "<group>"; };
		C0E6878E82EED8FA5A83D4FC /* Pods-ReSwiftTestUITests.release.xcconfig */ = {isa = PBXFileReference; includeInIndex = 1; lastKnownFileType = text.xcconfig; name = "Pods-ReSwiftTestUITests.release.xcconfig"; path = "Pods/Target Support Files/Pods-ReSwiftTestUITests/Pods-ReSwiftTestUITests.release.xcconfig"; sourceTree = "<group>"; };
		DAB8AB92E66F8DAB876F912C /* Pods_ReSwiftTestUITests.framework */ = {isa = PBXFileReference; explicitFileType = wrapper.framework; includeInIndex = 0; path = Pods_ReSwiftTestUITests.framework; sourceTree = BUILT_PRODUCTS_DIR; };
		EDD0A302234765F2DC9CD179 /* Pods-ReSwiftTestUITests.debug.xcconfig */ = {isa = PBXFileReference; includeInIndex = 1; lastKnownFileType = text.xcconfig; name = "Pods-ReSwiftTestUITests.debug.xcconfig"; path = "Pods/Target Support Files/Pods-ReSwiftTestUITests/Pods-ReSwiftTestUITests.debug.xcconfig"; sourceTree = "<group>"; };
		F995A36E84A441F7B9B61E39 /* Pods-ReSwiftTest.release.xcconfig */ = {isa = PBXFileReference; includeInIndex = 1; lastKnownFileType = text.xcconfig; name = "Pods-ReSwiftTest.release.xcconfig"; path = "Pods/Target Support Files/Pods-ReSwiftTest/Pods-ReSwiftTest.release.xcconfig"; sourceTree = "<group>"; };
/* End PBXFileReference section */

/* Begin PBXFrameworksBuildPhase section */
		450EBE491E01630E00BC0AD5 /* Frameworks */ = {
			isa = PBXFrameworksBuildPhase;
			buildActionMask = 2147483647;
			files = (
				831854760EDE501A52570C65 /* Pods_ReSwiftTest.framework in Frameworks */,
			);
			runOnlyForDeploymentPostprocessing = 0;
		};
		45F81B761E0837AA004A4127 /* Frameworks */ = {
			isa = PBXFrameworksBuildPhase;
			buildActionMask = 2147483647;
			files = (
			);
			runOnlyForDeploymentPostprocessing = 0;
		};
		45F81B841E098A24004A4127 /* Frameworks */ = {
			isa = PBXFrameworksBuildPhase;
			buildActionMask = 2147483647;
			files = (
				DE6D906C2CB8DD5B0B39A91E /* Pods_ReSwiftTestUITests.framework in Frameworks */,
			);
			runOnlyForDeploymentPostprocessing = 0;
		};
/* End PBXFrameworksBuildPhase section */

/* Begin PBXGroup section */
		450EBE431E01630E00BC0AD5 = {
			isa = PBXGroup;
			children = (
				EAA96BBFDAF7E83D33E221E3 /* Frameworks */,
				6A152FCA675FFE6C9BC9E8BE /* Pods */,
				450EBE4D1E01630E00BC0AD5 /* Products */,
				450EBE4E1E01630E00BC0AD5 /* ReSwiftTest */,
				45F81B7A1E0837AA004A4127 /* ReSwiftTestTests */,
				45F81B881E098A24004A4127 /* ReSwiftTestUITests */,
			);
			sourceTree = "<group>";
		};
		450EBE4D1E01630E00BC0AD5 /* Products */ = {
			isa = PBXGroup;
			children = (
				450EBE4C1E01630E00BC0AD5 /* ReSwiftTest.app */,
				45F81B791E0837AA004A4127 /* ReSwiftTestTests.xctest */,
				45F81B871E098A24004A4127 /* ReSwiftTestUITests.xctest */,
			);
			name = Products;
			sourceTree = "<group>";
		};
		450EBE4E1E01630E00BC0AD5 /* ReSwiftTest */ = {
			isa = PBXGroup;
			children = (
				4565FF9C1E1A6F0600991E14 /* Actions */,
				4565FF9E1E1A6F2600991E14 /* Api */,
				4565FF941E1A6DBC00991E14 /* Models */,
				4565FF8F1E1A6D5400991E14 /* Reducers */,
				4565FF9F1E1A6F3600991E14 /* Resources */,
				4565FF9B1E1A6EF800991E14 /* State */,
				4565FF9D1E1A6F1E00991E14 /* ViewControllers */,
				450EBE4F1E01630E00BC0AD5 /* AppDelegate.swift */,
				4565FFB01E1A9C7A00991E14 /* CustomerTableViewCell.swift */,
				450EBE5B1E01630E00BC0AD5 /* Info.plist */,
			);
			path = ReSwiftTest;
			sourceTree = "<group>";
		};
		4565FF8F1E1A6D5400991E14 /* Reducers */ = {
			isa = PBXGroup;
			children = (
				450EBE691E016CE700BC0AD5 /* AppReducer.swift */,
				4565FF921E1A6D9B00991E14 /* CompanyReducer.swift */,
				4565FF901E1A6D7800991E14 /* CustomerReducer.swift */,
			);
			path = Reducers;
			sourceTree = "<group>";
		};
		4565FF941E1A6DBC00991E14 /* Models */ = {
			isa = PBXGroup;
			children = (
				4565FF971E1A6DD700991E14 /* BankInformation.swift */,
				450EBE611E0163A100BC0AD5 /* Company.swift */,
				4565FF951E1A6DC700991E14 /* Customer.swift */,
			);
			path = Models;
			sourceTree = "<group>";
		};
		4565FF9B1E1A6EF800991E14 /* State */ = {
			isa = PBXGroup;
			children = (
				450EBE631E01653F00BC0AD5 /* AppState.swift */,
				4565FF991E1A6E0300991E14 /* CustomerState.swift */,
			);
			path = State;
			sourceTree = "<group>";
		};
		4565FF9C1E1A6F0600991E14 /* Actions */ = {
			isa = PBXGroup;
			children = (
				450EBE671E016C1000BC0AD5 /* Actions.swift */,
			);
			path = Actions;
			sourceTree = "<group>";
		};
		4565FF9D1E1A6F1E00991E14 /* ViewControllers */ = {
			isa = PBXGroup;
			children = (
				450EBE511E01630E00BC0AD5 /* CustomersTableViewController.swift */,
				45D8675C1E0C0AEB0033C2E3 /* NewCustomerViewController.swift */,
				45468C371E1D152800FB67D4 /* PopoverViewController.swift */,
			);
			path = ViewControllers;
			sourceTree = "<group>";
		};
		4565FF9E1E1A6F2600991E14 /* Api */ = {
			isa = PBXGroup;
			children = (
				450EBE6B1E016FF800BC0AD5 /* Api.swift */,
				45468C391E1D302B00FB67D4 /* TestApi.swift */,
			);
			path = Api;
			sourceTree = "<group>";
		};
		4565FF9F1E1A6F3600991E14 /* Resources */ = {
			isa = PBXGroup;
			children = (
				450EBE561E01630E00BC0AD5 /* Assets.xcassets */,
				450EBE581E01630E00BC0AD5 /* LaunchScreen.storyboard */,
				450EBE531E01630E00BC0AD5 /* Main.storyboard */,
				4565FFAD1E1A930900991E14 /* Customers.storyboard */,
				4565FFAB1E1A7E0500991E14 /* app.clr */,
				45D8675A1E0C05090033C2E3 /* R.generated.swift */,
			);
			path = Resources;
			sourceTree = "<group>";
		};
		45F81B7A1E0837AA004A4127 /* ReSwiftTestTests */ = {
			isa = PBXGroup;
			children = (
				45F81B7D1E0837AA004A4127 /* Info.plist */,
				45F81B7B1E0837AA004A4127 /* ReSwiftTestTests.swift */,
			);
			path = ReSwiftTestTests;
			sourceTree = "<group>";
		};
		45F81B881E098A24004A4127 /* ReSwiftTestUITests */ = {
			isa = PBXGroup;
			children = (
				45F81B8B1E098A24004A4127 /* Info.plist */,
				45F81B891E098A24004A4127 /* ReSwiftTestUITests.swift */,
			);
			path = ReSwiftTestUITests;
			sourceTree = "<group>";
		};
		6A152FCA675FFE6C9BC9E8BE /* Pods */ = {
			isa = PBXGroup;
			children = (
				25B17C2E78F72217FD83A1F8 /* Pods-ReSwiftTest.debug.xcconfig */,
				F995A36E84A441F7B9B61E39 /* Pods-ReSwiftTest.release.xcconfig */,
				EDD0A302234765F2DC9CD179 /* Pods-ReSwiftTestUITests.debug.xcconfig */,
				C0E6878E82EED8FA5A83D4FC /* Pods-ReSwiftTestUITests.release.xcconfig */,
			);
			name = Pods;
			sourceTree = "<group>";
		};
		EAA96BBFDAF7E83D33E221E3 /* Frameworks */ = {
			isa = PBXGroup;
			children = (
				09ED10EBAB86E9642BE8E460 /* Pods_ReSwiftTest.framework */,
				DAB8AB92E66F8DAB876F912C /* Pods_ReSwiftTestUITests.framework */,
			);
			name = Frameworks;
			sourceTree = "<group>";
		};
/* End PBXGroup section */

/* Begin PBXNativeTarget section */
		450EBE4B1E01630E00BC0AD5 /* ReSwiftTest */ = {
			isa = PBXNativeTarget;
			buildConfigurationList = 450EBE5E1E01630E00BC0AD5 /* Build configuration list for PBXNativeTarget "ReSwiftTest" */;
			buildPhases = (
				6BBDEFEF91D1E90026A10262 /* [CP] Check Pods Manifest.lock */,
				45D8675E1E0D43220033C2E3 /* R.swift */,
				450EBE481E01630E00BC0AD5 /* Sources */,
				450EBE491E01630E00BC0AD5 /* Frameworks */,
				450EBE4A1E01630E00BC0AD5 /* Resources */,
				C1ED954F007A81A940F92F6D /* [CP] Embed Pods Frameworks */,
				B4C0384FC98FF491FE6F830A /* [CP] Copy Pods Resources */,
			);
			buildRules = (
			);
			dependencies = (
			);
			name = ReSwiftTest;
			productName = ReSwiftTest;
			productReference = 450EBE4C1E01630E00BC0AD5 /* ReSwiftTest.app */;
			productType = "com.apple.product-type.application";
		};
		45F81B781E0837AA004A4127 /* ReSwiftTestTests */ = {
			isa = PBXNativeTarget;
			buildConfigurationList = 45F81B801E0837AA004A4127 /* Build configuration list for PBXNativeTarget "ReSwiftTestTests" */;
			buildPhases = (
				45F81B751E0837AA004A4127 /* Sources */,
				45F81B761E0837AA004A4127 /* Frameworks */,
				45F81B771E0837AA004A4127 /* Resources */,
			);
			buildRules = (
			);
			dependencies = (
				45F81B7F1E0837AA004A4127 /* PBXTargetDependency */,
			);
			name = ReSwiftTestTests;
			productName = ReSwiftTestTests;
			productReference = 45F81B791E0837AA004A4127 /* ReSwiftTestTests.xctest */;
			productType = "com.apple.product-type.bundle.unit-test";
		};
		45F81B861E098A24004A4127 /* ReSwiftTestUITests */ = {
			isa = PBXNativeTarget;
			buildConfigurationList = 45F81B8E1E098A24004A4127 /* Build configuration list for PBXNativeTarget "ReSwiftTestUITests" */;
			buildPhases = (
				8E3E90E928C16BE2FF9D5D80 /* [CP] Check Pods Manifest.lock */,
				45F81B831E098A24004A4127 /* Sources */,
				45F81B841E098A24004A4127 /* Frameworks */,
				45F81B851E098A24004A4127 /* Resources */,
				528ED82078BC8624D6387B75 /* [CP] Embed Pods Frameworks */,
				36807A868409E3023E6FF65F /* [CP] Copy Pods Resources */,
			);
			buildRules = (
			);
			dependencies = (
				45F81B8D1E098A24004A4127 /* PBXTargetDependency */,
			);
			name = ReSwiftTestUITests;
			productName = ReSwiftTestUITests;
			productReference = 45F81B871E098A24004A4127 /* ReSwiftTestUITests.xctest */;
			productType = "com.apple.product-type.bundle.ui-testing";
		};
/* End PBXNativeTarget section */

/* Begin PBXProject section */
		450EBE441E01630E00BC0AD5 /* Project object */ = {
			isa = PBXProject;
			attributes = {
				LastSwiftUpdateCheck = 0820;
				LastUpgradeCheck = 0820;
				ORGANIZATIONNAME = "e-conomic International A/S";
				TargetAttributes = {
					450EBE4B1E01630E00BC0AD5 = {
						CreatedOnToolsVersion = 8.2;
						DevelopmentTeam = X42U65K8AB;
						ProvisioningStyle = Automatic;
					};
					45F81B781E0837AA004A4127 = {
						CreatedOnToolsVersion = 8.2;
						ProvisioningStyle = Automatic;
						TestTargetID = 450EBE4B1E01630E00BC0AD5;
					};
					45F81B861E098A24004A4127 = {
						CreatedOnToolsVersion = 8.2;
						ProvisioningStyle = Automatic;
						TestTargetID = 450EBE4B1E01630E00BC0AD5;
					};
				};
			};
			buildConfigurationList = 450EBE471E01630E00BC0AD5 /* Build configuration list for PBXProject "ReSwiftTest" */;
			compatibilityVersion = "Xcode 3.2";
			developmentRegion = English;
			hasScannedForEncodings = 0;
			knownRegions = (
				en,
				Base,
			);
			mainGroup = 450EBE431E01630E00BC0AD5;
			productRefGroup = 450EBE4D1E01630E00BC0AD5 /* Products */;
			projectDirPath = "";
			projectRoot = "";
			targets = (
				450EBE4B1E01630E00BC0AD5 /* ReSwiftTest */,
				45F81B781E0837AA004A4127 /* ReSwiftTestTests */,
				45F81B861E098A24004A4127 /* ReSwiftTestUITests */,
			);
		};
/* End PBXProject section */

/* Begin PBXResourcesBuildPhase section */
		450EBE4A1E01630E00BC0AD5 /* Resources */ = {
			isa = PBXResourcesBuildPhase;
			buildActionMask = 2147483647;
			files = (
				4565FFAF1E1A930900991E14 /* Customers.storyboard in Resources */,
				450EBE5A1E01630E00BC0AD5 /* LaunchScreen.storyboard in Resources */,
				450EBE571E01630E00BC0AD5 /* Assets.xcassets in Resources */,
				450EBE551E01630E00BC0AD5 /* Main.storyboard in Resources */,
				4565FFAC1E1A7E0500991E14 /* app.clr in Resources */,
			);
			runOnlyForDeploymentPostprocessing = 0;
		};
		45F81B771E0837AA004A4127 /* Resources */ = {
			isa = PBXResourcesBuildPhase;
			buildActionMask = 2147483647;
			files = (
			);
			runOnlyForDeploymentPostprocessing = 0;
		};
		45F81B851E098A24004A4127 /* Resources */ = {
			isa = PBXResourcesBuildPhase;
			buildActionMask = 2147483647;
			files = (
			);
			runOnlyForDeploymentPostprocessing = 0;
		};
/* End PBXResourcesBuildPhase section */

/* Begin PBXShellScriptBuildPhase section */
		36807A868409E3023E6FF65F /* [CP] Copy Pods Resources */ = {
			isa = PBXShellScriptBuildPhase;
			buildActionMask = 2147483647;
			files = (
			);
			inputPaths = (
			);
			name = "[CP] Copy Pods Resources";
			outputPaths = (
			);
			runOnlyForDeploymentPostprocessing = 0;
			shellPath = /bin/sh;
			shellScript = "\"${SRCROOT}/Pods/Target Support Files/Pods-ReSwiftTestUITests/Pods-ReSwiftTestUITests-resources.sh\"\n";
			showEnvVarsInLog = 0;
		};
		45D8675E1E0D43220033C2E3 /* R.swift */ = {
			isa = PBXShellScriptBuildPhase;
			buildActionMask = 2147483647;
			files = (
			);
			inputPaths = (
			);
			name = R.swift;
			outputPaths = (
			);
			runOnlyForDeploymentPostprocessing = 0;
			shellPath = /bin/sh;
			shellScript = "\"$PODS_ROOT/R.swift/rswift\" \"$SRCROOT/ReSwiftTest/Resources\"";
		};
		528ED82078BC8624D6387B75 /* [CP] Embed Pods Frameworks */ = {
			isa = PBXShellScriptBuildPhase;
			buildActionMask = 2147483647;
			files = (
			);
			inputPaths = (
			);
			name = "[CP] Embed Pods Frameworks";
			outputPaths = (
			);
			runOnlyForDeploymentPostprocessing = 0;
			shellPath = /bin/sh;
			shellScript = "\"${SRCROOT}/Pods/Target Support Files/Pods-ReSwiftTestUITests/Pods-ReSwiftTestUITests-frameworks.sh\"\n";
			showEnvVarsInLog = 0;
		};
		6BBDEFEF91D1E90026A10262 /* [CP] Check Pods Manifest.lock */ = {
			isa = PBXShellScriptBuildPhase;
			buildActionMask = 2147483647;
			files = (
			);
			inputPaths = (
			);
			name = "[CP] Check Pods Manifest.lock";
			outputPaths = (
			);
			runOnlyForDeploymentPostprocessing = 0;
			shellPath = /bin/sh;
			shellScript = "diff \"${PODS_ROOT}/../Podfile.lock\" \"${PODS_ROOT}/Manifest.lock\" > /dev/null\nif [ $? != 0 ] ; then\n    # print error to STDERR\n    echo \"error: The sandbox is not in sync with the Podfile.lock. Run 'pod install' or update your CocoaPods installation.\" >&2\n    exit 1\nfi\n";
			showEnvVarsInLog = 0;
		};
		8E3E90E928C16BE2FF9D5D80 /* [CP] Check Pods Manifest.lock */ = {
			isa = PBXShellScriptBuildPhase;
			buildActionMask = 2147483647;
			files = (
			);
			inputPaths = (
			);
			name = "[CP] Check Pods Manifest.lock";
			outputPaths = (
			);
			runOnlyForDeploymentPostprocessing = 0;
			shellPath = /bin/sh;
			shellScript = "diff \"${PODS_ROOT}/../Podfile.lock\" \"${PODS_ROOT}/Manifest.lock\" > /dev/null\nif [ $? != 0 ] ; then\n    # print error to STDERR\n    echo \"error: The sandbox is not in sync with the Podfile.lock. Run 'pod install' or update your CocoaPods installation.\" >&2\n    exit 1\nfi\n";
			showEnvVarsInLog = 0;
		};
		B4C0384FC98FF491FE6F830A /* [CP] Copy Pods Resources */ = {
			isa = PBXShellScriptBuildPhase;
			buildActionMask = 2147483647;
			files = (
			);
			inputPaths = (
			);
			name = "[CP] Copy Pods Resources";
			outputPaths = (
			);
			runOnlyForDeploymentPostprocessing = 0;
			shellPath = /bin/sh;
			shellScript = "\"${SRCROOT}/Pods/Target Support Files/Pods-ReSwiftTest/Pods-ReSwiftTest-resources.sh\"\n";
			showEnvVarsInLog = 0;
		};
		C1ED954F007A81A940F92F6D /* [CP] Embed Pods Frameworks */ = {
			isa = PBXShellScriptBuildPhase;
			buildActionMask = 2147483647;
			files = (
			);
			inputPaths = (
			);
			name = "[CP] Embed Pods Frameworks";
			outputPaths = (
			);
			runOnlyForDeploymentPostprocessing = 0;
			shellPath = /bin/sh;
			shellScript = "\"${SRCROOT}/Pods/Target Support Files/Pods-ReSwiftTest/Pods-ReSwiftTest-frameworks.sh\"\n";
			showEnvVarsInLog = 0;
		};
/* End PBXShellScriptBuildPhase section */

/* Begin PBXSourcesBuildPhase section */
		450EBE481E01630E00BC0AD5 /* Sources */ = {
			isa = PBXSourcesBuildPhase;
			buildActionMask = 2147483647;
			files = (
				45468C381E1D152800FB67D4 /* PopoverViewController.swift in Sources */,
				450EBE621E0163A100BC0AD5 /* Company.swift in Sources */,
				450EBE521E01630E00BC0AD5 /* CustomersTableViewController.swift in Sources */,
				45468C3A1E1D302B00FB67D4 /* TestApi.swift in Sources */,
				4565FF911E1A6D7800991E14 /* CustomerReducer.swift in Sources */,
				4565FF961E1A6DC700991E14 /* Customer.swift in Sources */,
				45D8675B1E0C05090033C2E3 /* R.generated.swift in Sources */,
				4565FFB11E1A9C7A00991E14 /* CustomerTableViewCell.swift in Sources */,
				4565FF9A1E1A6E0300991E14 /* CustomerState.swift in Sources */,
				450EBE681E016C1000BC0AD5 /* Actions.swift in Sources */,
				4565FF981E1A6DD700991E14 /* BankInformation.swift in Sources */,
				4565FF931E1A6D9B00991E14 /* CompanyReducer.swift in Sources */,
				45D8675D1E0C0AEB0033C2E3 /* NewCustomerViewController.swift in Sources */,
				450EBE501E01630E00BC0AD5 /* AppDelegate.swift in Sources */,
				450EBE641E01653F00BC0AD5 /* AppState.swift in Sources */,
				450EBE6C1E016FF800BC0AD5 /* Api.swift in Sources */,
				450EBE6A1E016CE700BC0AD5 /* AppReducer.swift in Sources */,
			);
			runOnlyForDeploymentPostprocessing = 0;
		};
		45F81B751E0837AA004A4127 /* Sources */ = {
			isa = PBXSourcesBuildPhase;
			buildActionMask = 2147483647;
			files = (
				45F81B7C1E0837AA004A4127 /* ReSwiftTestTests.swift in Sources */,
			);
			runOnlyForDeploymentPostprocessing = 0;
		};
		45F81B831E098A24004A4127 /* Sources */ = {
			isa = PBXSourcesBuildPhase;
			buildActionMask = 2147483647;
			files = (
				45F81B8A1E098A24004A4127 /* ReSwiftTestUITests.swift in Sources */,
			);
			runOnlyForDeploymentPostprocessing = 0;
		};
/* End PBXSourcesBuildPhase section */

/* Begin PBXTargetDependency section */
		45F81B7F1E0837AA004A4127 /* PBXTargetDependency */ = {
			isa = PBXTargetDependency;
			target = 450EBE4B1E01630E00BC0AD5 /* ReSwiftTest */;
			targetProxy = 45F81B7E1E0837AA004A4127 /* PBXContainerItemProxy */;
		};
		45F81B8D1E098A24004A4127 /* PBXTargetDependency */ = {
			isa = PBXTargetDependency;
			target = 450EBE4B1E01630E00BC0AD5 /* ReSwiftTest */;
			targetProxy = 45F81B8C1E098A24004A4127 /* PBXContainerItemProxy */;
		};
/* End PBXTargetDependency section */

/* Begin PBXVariantGroup section */
		450EBE531E01630E00BC0AD5 /* Main.storyboard */ = {
			isa = PBXVariantGroup;
			children = (
				450EBE541E01630E00BC0AD5 /* Base */,
			);
			name = Main.storyboard;
			path = .;
			sourceTree = "<group>";
		};
		450EBE581E01630E00BC0AD5 /* LaunchScreen.storyboard */ = {
			isa = PBXVariantGroup;
			children = (
				450EBE591E01630E00BC0AD5 /* Base */,
			);
			name = LaunchScreen.storyboard;
			path = .;
			sourceTree = "<group>";
		};
		4565FFAD1E1A930900991E14 /* Customers.storyboard */ = {
			isa = PBXVariantGroup;
			children = (
				4565FFAE1E1A930900991E14 /* Base */,
			);
			name = Customers.storyboard;
			sourceTree = "<group>";
		};
/* End PBXVariantGroup section */

/* Begin XCBuildConfiguration section */
		450EBE5C1E01630E00BC0AD5 /* Debug */ = {
			isa = XCBuildConfiguration;
			buildSettings = {
				ALWAYS_SEARCH_USER_PATHS = NO;
				CLANG_ANALYZER_NONNULL = YES;
				CLANG_CXX_LANGUAGE_STANDARD = "gnu++0x";
				CLANG_CXX_LIBRARY = "libc++";
				CLANG_ENABLE_MODULES = YES;
				CLANG_ENABLE_OBJC_ARC = YES;
				CLANG_WARN_BOOL_CONVERSION = YES;
				CLANG_WARN_CONSTANT_CONVERSION = YES;
				CLANG_WARN_DIRECT_OBJC_ISA_USAGE = YES_ERROR;
				CLANG_WARN_DOCUMENTATION_COMMENTS = YES;
				CLANG_WARN_EMPTY_BODY = YES;
				CLANG_WARN_ENUM_CONVERSION = YES;
				CLANG_WARN_INFINITE_RECURSION = YES;
				CLANG_WARN_INT_CONVERSION = YES;
				CLANG_WARN_OBJC_ROOT_CLASS = YES_ERROR;
				CLANG_WARN_SUSPICIOUS_MOVE = YES;
				CLANG_WARN_UNREACHABLE_CODE = YES;
				CLANG_WARN__DUPLICATE_METHOD_MATCH = YES;
				"CODE_SIGN_IDENTITY[sdk=iphoneos*]" = "iPhone Developer";
				COPY_PHASE_STRIP = NO;
				DEBUG_INFORMATION_FORMAT = dwarf;
				ENABLE_STRICT_OBJC_MSGSEND = YES;
				ENABLE_TESTABILITY = YES;
				GCC_C_LANGUAGE_STANDARD = gnu99;
				GCC_DYNAMIC_NO_PIC = NO;
				GCC_NO_COMMON_BLOCKS = YES;
				GCC_OPTIMIZATION_LEVEL = 0;
				GCC_PREPROCESSOR_DEFINITIONS = (
					"DEBUG=1",
					"$(inherited)",
				);
				GCC_WARN_64_TO_32_BIT_CONVERSION = YES;
				GCC_WARN_ABOUT_RETURN_TYPE = YES_ERROR;
				GCC_WARN_UNDECLARED_SELECTOR = YES;
				GCC_WARN_UNINITIALIZED_AUTOS = YES_AGGRESSIVE;
				GCC_WARN_UNUSED_FUNCTION = YES;
				GCC_WARN_UNUSED_VARIABLE = YES;
				IPHONEOS_DEPLOYMENT_TARGET = 10.2;
				MTL_ENABLE_DEBUG_INFO = YES;
				ONLY_ACTIVE_ARCH = YES;
				SDKROOT = iphoneos;
				SWIFT_ACTIVE_COMPILATION_CONDITIONS = DEBUG;
				SWIFT_OPTIMIZATION_LEVEL = "-Onone";
			};
			name = Debug;
		};
		450EBE5D1E01630E00BC0AD5 /* Release */ = {
			isa = XCBuildConfiguration;
			buildSettings = {
				ALWAYS_SEARCH_USER_PATHS = NO;
				CLANG_ANALYZER_NONNULL = YES;
				CLANG_CXX_LANGUAGE_STANDARD = "gnu++0x";
				CLANG_CXX_LIBRARY = "libc++";
				CLANG_ENABLE_MODULES = YES;
				CLANG_ENABLE_OBJC_ARC = YES;
				CLANG_WARN_BOOL_CONVERSION = YES;
				CLANG_WARN_CONSTANT_CONVERSION = YES;
				CLANG_WARN_DIRECT_OBJC_ISA_USAGE = YES_ERROR;
				CLANG_WARN_DOCUMENTATION_COMMENTS = YES;
				CLANG_WARN_EMPTY_BODY = YES;
				CLANG_WARN_ENUM_CONVERSION = YES;
				CLANG_WARN_INFINITE_RECURSION = YES;
				CLANG_WARN_INT_CONVERSION = YES;
				CLANG_WARN_OBJC_ROOT_CLASS = YES_ERROR;
				CLANG_WARN_SUSPICIOUS_MOVE = YES;
				CLANG_WARN_UNREACHABLE_CODE = YES;
				CLANG_WARN__DUPLICATE_METHOD_MATCH = YES;
				"CODE_SIGN_IDENTITY[sdk=iphoneos*]" = "iPhone Developer";
				COPY_PHASE_STRIP = NO;
				DEBUG_INFORMATION_FORMAT = "dwarf-with-dsym";
				ENABLE_NS_ASSERTIONS = NO;
				ENABLE_STRICT_OBJC_MSGSEND = YES;
				GCC_C_LANGUAGE_STANDARD = gnu99;
				GCC_NO_COMMON_BLOCKS = YES;
				GCC_WARN_64_TO_32_BIT_CONVERSION = YES;
				GCC_WARN_ABOUT_RETURN_TYPE = YES_ERROR;
				GCC_WARN_UNDECLARED_SELECTOR = YES;
				GCC_WARN_UNINITIALIZED_AUTOS = YES_AGGRESSIVE;
				GCC_WARN_UNUSED_FUNCTION = YES;
				GCC_WARN_UNUSED_VARIABLE = YES;
				IPHONEOS_DEPLOYMENT_TARGET = 10.2;
				MTL_ENABLE_DEBUG_INFO = NO;
				SDKROOT = iphoneos;
				SWIFT_OPTIMIZATION_LEVEL = "-Owholemodule";
				VALIDATE_PRODUCT = YES;
			};
			name = Release;
		};
		450EBE5F1E01630E00BC0AD5 /* Debug */ = {
			isa = XCBuildConfiguration;
			baseConfigurationReference = 25B17C2E78F72217FD83A1F8 /* Pods-ReSwiftTest.debug.xcconfig */;
			buildSettings = {
				ASSETCATALOG_COMPILER_APPICON_NAME = AppIcon;
				"CODE_SIGN_IDENTITY[sdk=iphoneos*]" = "iPhone Developer";
				DEVELOPMENT_TEAM = "";
				INFOPLIST_FILE = ReSwiftTest/Info.plist;
				LD_RUNPATH_SEARCH_PATHS = "$(inherited) @executable_path/Frameworks";
				PRODUCT_BUNDLE_IDENTIFIER = "com.e-conomic.SorensPrototype";
				PRODUCT_NAME = "$(TARGET_NAME)";
				PROVISIONING_PROFILE = "";
				PROVISIONING_PROFILE_SPECIFIER = "";
				SWIFT_VERSION = 3.0;
			};
			name = Debug;
		};
		450EBE601E01630E00BC0AD5 /* Release */ = {
			isa = XCBuildConfiguration;
			baseConfigurationReference = F995A36E84A441F7B9B61E39 /* Pods-ReSwiftTest.release.xcconfig */;
			buildSettings = {
				ASSETCATALOG_COMPILER_APPICON_NAME = AppIcon;
				"CODE_SIGN_IDENTITY[sdk=iphoneos*]" = "iPhone Developer";
				DEVELOPMENT_TEAM = "";
				INFOPLIST_FILE = ReSwiftTest/Info.plist;
				LD_RUNPATH_SEARCH_PATHS = "$(inherited) @executable_path/Frameworks";
				PRODUCT_BUNDLE_IDENTIFIER = "com.e-conomic.SorensPrototype";
				PRODUCT_NAME = "$(TARGET_NAME)";
				PROVISIONING_PROFILE = "";
				PROVISIONING_PROFILE_SPECIFIER = "";
				SWIFT_VERSION = 3.0;
			};
			name = Release;
		};
		45F81B811E0837AA004A4127 /* Debug */ = {
			isa = XCBuildConfiguration;
			buildSettings = {
				BUNDLE_LOADER = "$(TEST_HOST)";
				INFOPLIST_FILE = ReSwiftTestTests/Info.plist;
				LD_RUNPATH_SEARCH_PATHS = "$(inherited) @executable_path/Frameworks @loader_path/Frameworks";
				PRODUCT_BUNDLE_IDENTIFIER = "com.e-conomic.ReSwiftTestTests";
				PRODUCT_NAME = "$(TARGET_NAME)";
				SWIFT_VERSION = 3.0;
				TEST_HOST = "$(BUILT_PRODUCTS_DIR)/ReSwiftTest.app/ReSwiftTest";
			};
			name = Debug;
		};
		45F81B821E0837AA004A4127 /* Release */ = {
			isa = XCBuildConfiguration;
			buildSettings = {
				BUNDLE_LOADER = "$(TEST_HOST)";
				INFOPLIST_FILE = ReSwiftTestTests/Info.plist;
				LD_RUNPATH_SEARCH_PATHS = "$(inherited) @executable_path/Frameworks @loader_path/Frameworks";
				PRODUCT_BUNDLE_IDENTIFIER = "com.e-conomic.ReSwiftTestTests";
				PRODUCT_NAME = "$(TARGET_NAME)";
				SWIFT_VERSION = 3.0;
				TEST_HOST = "$(BUILT_PRODUCTS_DIR)/ReSwiftTest.app/ReSwiftTest";
			};
			name = Release;
		};
		45F81B8F1E098A24004A4127 /* Debug */ = {
			isa = XCBuildConfiguration;
			baseConfigurationReference = EDD0A302234765F2DC9CD179 /* Pods-ReSwiftTestUITests.debug.xcconfig */;
			buildSettings = {
				DEVELOPMENT_TEAM = "";
				INFOPLIST_FILE = ReSwiftTestUITests/Info.plist;
				LD_RUNPATH_SEARCH_PATHS = "$(inherited) @executable_path/Frameworks @loader_path/Frameworks";
				PRODUCT_BUNDLE_IDENTIFIER = "com.e-conomic.ReSwiftTestUITests";
				PRODUCT_NAME = "$(TARGET_NAME)";
				SWIFT_VERSION = 3.0;
				TEST_TARGET_NAME = ReSwiftTest;
			};
			name = Debug;
		};
		45F81B901E098A24004A4127 /* Release */ = {
			isa = XCBuildConfiguration;
			baseConfigurationReference = C0E6878E82EED8FA5A83D4FC /* Pods-ReSwiftTestUITests.release.xcconfig */;
			buildSettings = {
				DEVELOPMENT_TEAM = "";
				INFOPLIST_FILE = ReSwiftTestUITests/Info.plist;
				LD_RUNPATH_SEARCH_PATHS = "$(inherited) @executable_path/Frameworks @loader_path/Frameworks";
				PRODUCT_BUNDLE_IDENTIFIER = "com.e-conomic.ReSwiftTestUITests";
				PRODUCT_NAME = "$(TARGET_NAME)";
				SWIFT_VERSION = 3.0;
				TEST_TARGET_NAME = ReSwiftTest;
			};
			name = Release;
		};
/* End XCBuildConfiguration section */

/* Begin XCConfigurationList section */
		450EBE471E01630E00BC0AD5 /* Build configuration list for PBXProject "ReSwiftTest" */ = {
			isa = XCConfigurationList;
			buildConfigurations = (
				450EBE5C1E01630E00BC0AD5 /* Debug */,
				450EBE5D1E01630E00BC0AD5 /* Release */,
			);
			defaultConfigurationIsVisible = 0;
			defaultConfigurationName = Release;
		};
		450EBE5E1E01630E00BC0AD5 /* Build configuration list for PBXNativeTarget "ReSwiftTest" */ = {
			isa = XCConfigurationList;
			buildConfigurations = (
				450EBE5F1E01630E00BC0AD5 /* Debug */,
				450EBE601E01630E00BC0AD5 /* Release */,
			);
			defaultConfigurationIsVisible = 0;
			defaultConfigurationName = Release;
		};
		45F81B801E0837AA004A4127 /* Build configuration list for PBXNativeTarget "ReSwiftTestTests" */ = {
			isa = XCConfigurationList;
			buildConfigurations = (
				45F81B811E0837AA004A4127 /* Debug */,
				45F81B821E0837AA004A4127 /* Release */,
			);
			defaultConfigurationIsVisible = 0;
			defaultConfigurationName = Release;
		};
		45F81B8E1E098A24004A4127 /* Build configuration list for PBXNativeTarget "ReSwiftTestUITests" */ = {
			isa = XCConfigurationList;
			buildConfigurations = (
				45F81B8F1E098A24004A4127 /* Debug */,
				45F81B901E098A24004A4127 /* Release */,
			);
			defaultConfigurationIsVisible = 0;
			defaultConfigurationName = Release;
		};
/* End XCConfigurationList section */
	};
	rootObject = 450EBE441E01630E00BC0AD5 /* Project object */;
}
